{
  "version": 4,
  "terraform_version": "1.0.8",
  "serial": 698,
  "lineage": "1ff520fb-970f-350a-df93-316a161ea939",
  "outputs": {
    "alb_dns_name": {
      "value": "wgpark-asg-example-546806024.ap-northeast-2.elb.amazonaws.com",
      "type": "string"
    },
    "instance-id": {
      "value": "i-07d9422218e68f1ea",
      "type": "string"
    },
    "instance-pubip": {
      "value": "3.34.146.202",
      "type": "string"
    },
    "vpc-id": {
      "value": "vpc-02eaf698ece68e472",
      "type": "string"
    }
  },
  "resources": [
    {
      "mode": "managed",
      "type": "aws_autoscaling_group",
      "name": "wgpark_auto_group",
      "provider": "provider[\"registry.terraform.io/hashicorp/aws\"]",
      "instances": [
        {
          "status": "tainted",
          "schema_version": 0,
          "attributes": {
            "arn": null,
            "availability_zones": [],
            "capacity_rebalance": null,
            "default_cooldown": null,
            "desired_capacity": 2,
            "enabled_metrics": null,
            "force_delete": true,
            "force_delete_warm_pool": false,
            "health_check_grace_period": 300,
            "health_check_type": "ELB",
            "id": "wgpark-at-sg",
            "initial_lifecycle_hook": [],
            "instance_refresh": [],
            "launch_configuration": "wgpark-auto-20211018083615927900000002",
            "launch_template": [],
            "load_balancers": null,
            "max_instance_lifetime": null,
            "max_size": 4,
            "metrics_granularity": "1Minute",
            "min_elb_capacity": null,
            "min_size": 1,
            "mixed_instances_policy": [],
            "name": "wgpark-at-sg",
            "name_prefix": null,
            "placement_group": "wgpark",
            "protect_from_scale_in": false,
            "service_linked_role_arn": null,
            "suspended_processes": null,
            "tag": [
              {
                "key": "Name",
                "propagate_at_launch": true,
                "value": "terraform-asg-example"
              }
            ],
            "tags": null,
            "target_group_arns": [
              "arn:aws:elasticloadbalancing:ap-northeast-2:701558900840:targetgroup/wgpark-lb-target-group/e19077ab8e2ebf74"
            ],
            "termination_policies": null,
            "timeouts": null,
            "vpc_zone_identifier": [
              "subnet-0532eef20b314707f",
              "subnet-0f743af8f9b70879c"
            ],
            "wait_for_capacity_timeout": "10m",
            "wait_for_elb_capacity": null,
            "warm_pool": []
          },
          "sensitive_attributes": [],
          "private": "eyJlMmJmYjczMC1lY2FhLTExZTYtOGY4OC0zNDM2M2JjN2M0YzAiOnsiZGVsZXRlIjo2MDAwMDAwMDAwMDB9fQ==",
          "dependencies": [
            "aws_launch_configuration.wgpark_ASG_configuration",
            "aws_lb_target_group.wgpark_lb_target_group",
            "aws_placement_group.wgpark_pg",
            "aws_security_group.wgpark_allow_http",
            "aws_subnet.wgpark_puba",
            "aws_subnet.wgpark_pubc"
          ]
        }
      ]
    },
    {
      "mode": "managed",
      "type": "aws_db_instance",
      "name": "wgpark_rds",
      "provider": "provider[\"registry.terraform.io/hashicorp/aws\"]",
      "instances": [
        {
          "schema_version": 1,
          "attributes": {
            "address": "terraform-20211018065529277100000003.cyzaniwmw0sq.ap-northeast-2.rds.amazonaws.com",
            "allocated_storage": 10,
            "allow_major_version_upgrade": null,
            "apply_immediately": null,
            "arn": "arn:aws:rds:ap-northeast-2:701558900840:db:terraform-20211018065529277100000003",
            "auto_minor_version_upgrade": true,
            "availability_zone": "ap-northeast-2a",
            "backup_retention_period": 0,
            "backup_window": "19:22-19:52",
            "ca_cert_identifier": "rds-ca-2019",
            "character_set_name": "",
            "copy_tags_to_snapshot": false,
            "customer_owned_ip_enabled": false,
            "db_subnet_group_name": "wgpark_db_subnet_group",
            "delete_automated_backups": true,
            "deletion_protection": false,
            "domain": "",
            "domain_iam_role_name": "",
            "enabled_cloudwatch_logs_exports": [],
            "endpoint": "terraform-20211018065529277100000003.cyzaniwmw0sq.ap-northeast-2.rds.amazonaws.com:3306",
            "engine": "mysql",
            "engine_version": "5.7",
            "engine_version_actual": "5.7.33",
            "final_snapshot_identifier": null,
            "hosted_zone_id": "ZLA2NUCOLGUUR",
            "iam_database_authentication_enabled": false,
            "id": "terraform-20211018065529277100000003",
            "identifier": "terraform-20211018065529277100000003",
            "identifier_prefix": null,
            "instance_class": "db.t3.micro",
            "iops": 0,
            "kms_key_id": "",
            "latest_restorable_time": "0001-01-01T00:00:00Z",
            "license_model": "general-public-license",
            "maintenance_window": "wed:17:03-wed:17:33",
            "max_allocated_storage": 0,
            "monitoring_interval": 0,
            "monitoring_role_arn": "",
            "multi_az": false,
            "name": "wordpress",
            "nchar_character_set_name": "",
            "option_group_name": "default:mysql-5-7",
            "parameter_group_name": "default.mysql5.7",
            "password": "It12345!",
            "performance_insights_enabled": false,
            "performance_insights_kms_key_id": "",
            "performance_insights_retention_period": 0,
            "port": 3306,
            "publicly_accessible": false,
            "replica_mode": "",
            "replicas": [],
            "replicate_source_db": "",
            "resource_id": "db-LGJG4DMLEGY5LXUGG3GNJHCHJQ",
            "restore_to_point_in_time": [],
            "s3_import": [],
            "security_group_names": [],
            "skip_final_snapshot": true,
            "snapshot_identifier": null,
            "status": "available",
            "storage_encrypted": false,
            "storage_type": "gp2",
            "tags": {
              "Name": "wgpark-mysql-rds"
            },
            "tags_all": {
              "Name": "wgpark-mysql-rds"
            },
            "timeouts": null,
            "timezone": "",
            "username": "wordpress",
            "vpc_security_group_ids": [
              "sg-0174e879a69c47fa3"
            ]
          },
          "sensitive_attributes": [],
          "private": "eyJlMmJmYjczMC1lY2FhLTExZTYtOGY4OC0zNDM2M2JjN2M0YzAiOnsiY3JlYXRlIjoyNDAwMDAwMDAwMDAwLCJkZWxldGUiOjM2MDAwMDAwMDAwMDAsInVwZGF0ZSI6NDgwMDAwMDAwMDAwMH0sInNjaGVtYV92ZXJzaW9uIjoiMSJ9",
          "dependencies": [
            "aws_vpc.wgpark_vpc",
            "aws_db_subnet_group.database",
            "aws_security_group.wgpark_allow_mysql",
            "aws_subnet.wgpark_pria",
            "aws_subnet.wgpark_pric",
            "aws_subnet.wgpark_puba"
          ]
        }
      ]
    },
    {
      "mode": "managed",
      "type": "aws_db_subnet_group",
      "name": "database",
      "provider": "provider[\"registry.terraform.io/hashicorp/aws\"]",
      "instances": [
        {
          "schema_version": 0,
          "attributes": {
            "arn": "arn:aws:rds:ap-northeast-2:701558900840:subgrp:wgpark_db_subnet_group",
            "description": "Managed by Terraform",
            "id": "wgpark_db_subnet_group",
            "name": "wgpark_db_subnet_group",
            "name_prefix": null,
            "subnet_ids": [
              "subnet-0496af87895b9b011",
              "subnet-04ccad9207f6380c9"
            ],
            "tags": {},
            "tags_all": {}
          },
          "sensitive_attributes": [],
          "private": "bnVsbA==",
          "dependencies": [
            "aws_subnet.wgpark_pria",
            "aws_subnet.wgpark_pric",
            "aws_vpc.wgpark_vpc"
          ]
        }
      ]
    },
    {
      "mode": "managed",
      "type": "aws_eip",
      "name": "wgpark_eip_instance",
      "provider": "provider[\"registry.terraform.io/hashicorp/aws\"]",
      "instances": [
        {
          "schema_version": 0,
          "attributes": {
            "address": null,
            "allocation_id": null,
            "associate_with_private_ip": null,
            "association_id": "",
            "carrier_ip": "",
            "customer_owned_ip": "",
            "customer_owned_ipv4_pool": "",
            "domain": "vpc",
            "id": "eipalloc-0c5ebf0c3cbbab4ac",
            "instance": "",
            "network_border_group": "ap-northeast-2",
            "network_interface": "",
            "private_dns": null,
            "private_ip": "",
            "public_dns": "ec2-3-38-30-201.ap-northeast-2.compute.amazonaws.com",
            "public_ip": "3.38.30.201",
            "public_ipv4_pool": "amazon",
            "tags": {},
            "tags_all": {},
            "timeouts": null,
            "vpc": true
          },
          "sensitive_attributes": [],
          "private": "eyJlMmJmYjczMC1lY2FhLTExZTYtOGY4OC0zNDM2M2JjN2M0YzAiOnsiZGVsZXRlIjoxODAwMDAwMDAwMDAsInJlYWQiOjkwMDAwMDAwMDAwMCwidXBkYXRlIjozMDAwMDAwMDAwMDB9fQ=="
        }
      ]
    },
    {
      "mode": "managed",
      "type": "aws_eip",
      "name": "wgpark_eip_pria",
      "provider": "provider[\"registry.terraform.io/hashicorp/aws\"]",
      "instances": [
        {
          "schema_version": 0,
          "attributes": {
            "address": null,
            "allocation_id": null,
            "associate_with_private_ip": null,
            "association_id": "eipassoc-0b58ffe1b94712e75",
            "carrier_ip": "",
            "customer_owned_ip": "",
            "customer_owned_ipv4_pool": "",
            "domain": "vpc",
            "id": "eipalloc-06511d2ab821820c8",
            "instance": "",
            "network_border_group": "ap-northeast-2",
            "network_interface": "eni-0c9b2059d81517cc0",
            "private_dns": "ip-192-168-0-211.ap-northeast-2.compute.internal",
            "private_ip": "192.168.0.211",
            "public_dns": "ec2-15-164-144-141.ap-northeast-2.compute.amazonaws.com",
            "public_ip": "15.164.144.141",
            "public_ipv4_pool": "amazon",
            "tags": {},
            "tags_all": {},
            "timeouts": null,
            "vpc": true
          },
          "sensitive_attributes": [],
          "private": "eyJlMmJmYjczMC1lY2FhLTExZTYtOGY4OC0zNDM2M2JjN2M0YzAiOnsiZGVsZXRlIjoxODAwMDAwMDAwMDAsInJlYWQiOjkwMDAwMDAwMDAwMCwidXBkYXRlIjozMDAwMDAwMDAwMDB9fQ=="
        }
      ]
    },
    {
      "mode": "managed",
      "type": "aws_eip",
      "name": "wgpark_eip_pric",
      "provider": "provider[\"registry.terraform.io/hashicorp/aws\"]",
      "instances": [
        {
          "schema_version": 0,
          "attributes": {
            "address": null,
            "allocation_id": null,
            "associate_with_private_ip": null,
            "association_id": "eipassoc-0635a919fb70c3e70",
            "carrier_ip": "",
            "customer_owned_ip": "",
            "customer_owned_ipv4_pool": "",
            "domain": "vpc",
            "id": "eipalloc-0e80cae9a78e7b31f",
            "instance": "",
            "network_border_group": "ap-northeast-2",
            "network_interface": "eni-038914f84d1ac726d",
            "private_dns": "ip-192-168-1-90.ap-northeast-2.compute.internal",
            "private_ip": "192.168.1.90",
            "public_dns": "ec2-3-37-212-230.ap-northeast-2.compute.amazonaws.com",
            "public_ip": "3.37.212.230",
            "public_ipv4_pool": "amazon",
            "tags": {},
            "tags_all": {},
            "timeouts": null,
            "vpc": true
          },
          "sensitive_attributes": [],
          "private": "eyJlMmJmYjczMC1lY2FhLTExZTYtOGY4OC0zNDM2M2JjN2M0YzAiOnsiZGVsZXRlIjoxODAwMDAwMDAwMDAsInJlYWQiOjkwMDAwMDAwMDAwMCwidXBkYXRlIjozMDAwMDAwMDAwMDB9fQ=="
        }
      ]
    },
    {
      "mode": "managed",
      "type": "aws_instance",
      "name": "web",
      "provider": "provider[\"registry.terraform.io/hashicorp/aws\"]",
      "instances": [
        {
          "schema_version": 1,
          "attributes": {
            "ami": "ami-0e4a9ad2eb120e054",
            "arn": "arn:aws:ec2:ap-northeast-2:701558900840:instance/i-07d9422218e68f1ea",
            "associate_public_ip_address": true,
            "availability_zone": "ap-northeast-2a",
            "capacity_reservation_specification": [
              {
                "capacity_reservation_preference": "open",
                "capacity_reservation_target": []
              }
            ],
            "cpu_core_count": 1,
            "cpu_threads_per_core": 1,
            "credit_specification": [
              {
                "cpu_credits": "standard"
              }
            ],
            "disable_api_termination": false,
            "ebs_block_device": [],
            "ebs_optimized": false,
            "enclave_options": [
              {
                "enabled": false
              }
            ],
            "ephemeral_block_device": [],
            "get_password_data": false,
            "hibernation": false,
            "host_id": null,
            "iam_instance_profile": "",
            "id": "i-07d9422218e68f1ea",
            "instance_initiated_shutdown_behavior": "stop",
            "instance_state": "running",
            "instance_type": "t2.micro",
            "ipv6_address_count": 0,
            "ipv6_addresses": [],
            "key_name": "aws_terraform_tf",
            "launch_template": [],
            "metadata_options": [
              {
                "http_endpoint": "enabled",
                "http_put_response_hop_limit": 1,
                "http_tokens": "optional"
              }
            ],
            "monitoring": false,
            "network_interface": [],
            "outpost_arn": "",
            "password_data": "",
            "placement_group": "",
            "placement_partition_number": null,
            "primary_network_interface_id": "eni-024112470dc01ef8f",
            "private_dns": "ip-192-168-0-86.ap-northeast-2.compute.internal",
            "private_ip": "192.168.0.86",
            "public_dns": "",
            "public_ip": "3.34.146.202",
            "root_block_device": [
              {
                "delete_on_termination": true,
                "device_name": "/dev/xvda",
                "encrypted": false,
                "iops": 100,
                "kms_key_id": "",
                "tags": {},
                "throughput": 0,
                "volume_id": "vol-088876cec4deb70ff",
                "volume_size": 8,
                "volume_type": "gp2"
              }
            ],
            "secondary_private_ips": [],
            "security_groups": [
              "sg-0b66a5d07514cd985"
            ],
            "source_dest_check": true,
            "subnet_id": "subnet-0532eef20b314707f",
            "tags": {
              "Name": "wgpark-insatnce-wordpress"
            },
            "tags_all": {
              "Name": "wgpark-insatnce-wordpress"
            },
            "tenancy": "default",
            "timeouts": null,
            "user_data": "d1df4d5f6828a9f841dc6a18faf08008441baafa",
            "user_data_base64": null,
            "volume_tags": null,
            "vpc_security_group_ids": [
              "sg-0b66a5d07514cd985"
            ]
          },
          "sensitive_attributes": [],
          "private": "eyJlMmJmYjczMC1lY2FhLTExZTYtOGY4OC0zNDM2M2JjN2M0YzAiOnsiY3JlYXRlIjo2MDAwMDAwMDAwMDAsImRlbGV0ZSI6MTIwMDAwMDAwMDAwMCwidXBkYXRlIjo2MDAwMDAwMDAwMDB9LCJzY2hlbWFfdmVyc2lvbiI6IjEifQ==",
          "dependencies": [
            "aws_security_group.wgpark_allow_http",
            "aws_subnet.wgpark_puba"
          ]
        }
      ]
    },
    {
      "mode": "managed",
      "type": "aws_internet_gateway",
      "name": "wgpark_ig",
      "provider": "provider[\"registry.terraform.io/hashicorp/aws\"]",
      "instances": [
        {
          "schema_version": 0,
          "attributes": {
            "arn": "arn:aws:ec2:ap-northeast-2:701558900840:internet-gateway/igw-08cd151d30d915311",
            "id": "igw-08cd151d30d915311",
            "owner_id": "701558900840",
            "tags": {
              "Name": "wgpark"
            },
            "tags_all": {
              "Name": "wgpark"
            },
            "vpc_id": "vpc-02eaf698ece68e472"
          },
          "sensitive_attributes": [],
          "private": "bnVsbA==",
          "dependencies": [
            "aws_vpc.wgpark_vpc"
          ]
        }
      ]
    },
    {
      "mode": "managed",
      "type": "aws_key_pair",
      "name": "aws_terraform_tf",
      "provider": "provider[\"registry.terraform.io/hashicorp/aws\"]",
      "instances": [
        {
          "schema_version": 1,
          "attributes": {
            "arn": "arn:aws:ec2:ap-northeast-2:701558900840:key-pair/aws_terraform_tf",
            "fingerprint": "74:f0:8f:f9:04:b6:4f:04:f7:9d:78:ce:9e:01:c9:f0",
            "id": "aws_terraform_tf",
            "key_name": "aws_terraform_tf",
            "key_name_prefix": null,
            "key_pair_id": "key-0fa216a8a6e0a2bcc",
            "public_key": "ssh-rsa AAAAB3NzaC1yc2EAAAADAQABAAABAQC2X5QCBWSmh9oyFo/FHixix20X48BuOmvM458981MVst+ltKAhPrtf14byZ2hKnjPryb6bjuStbklOflr1YxSXiiA2jmZBSgLO1Xo5ejRpdhDxLCUchGniHCnyJevoGyvjUXV4a5cZkvbZBmp9ruz3Fn6aZOtTpghd2zW7I7ZKx/Y/oWGYWjcJL5M7ZNqHVqE6Wr+ZSCkg+fPZumTs+AKYDblBPeiyP/10Rtxw8HD88OGMTAaSF9diCOCoNXDnAIwqyOByR2c5qy3DabLZIAbN3xgFQXeaXWtn8/gI7E/eqg2KJ4PnLwngMESTrMdczLK6P4Ux4BewL2UjwXW6YQH/",
            "tags": {},
            "tags_all": {}
          },
          "sensitive_attributes": [],
          "private": "eyJzY2hlbWFfdmVyc2lvbiI6IjEifQ=="
        }
      ]
    },
    {
      "mode": "managed",
      "type": "aws_launch_configuration",
      "name": "wgpark_ASG_configuration",
      "provider": "provider[\"registry.terraform.io/hashicorp/aws\"]",
      "instances": [
        {
          "schema_version": 0,
          "attributes": {
            "arn": "arn:aws:autoscaling:ap-northeast-2:701558900840:launchConfiguration:0814ddaf-bd02-469d-80b0-bea3c7228e8c:launchConfigurationName/wgpark-auto-20211018083615927900000002",
            "associate_public_ip_address": false,
            "ebs_block_device": [],
            "ebs_optimized": false,
            "enable_monitoring": true,
            "ephemeral_block_device": [],
            "iam_instance_profile": "admin_role",
            "id": "wgpark-auto-20211018083615927900000002",
            "image_id": "ami-0e4a9ad2eb120e054",
            "instance_type": "t2.micro",
            "key_name": "aws_terraform_tf",
            "metadata_options": [],
            "name": "wgpark-auto-20211018083615927900000002",
            "name_prefix": "wgpark-auto-",
            "placement_tenancy": null,
            "root_block_device": [],
            "security_groups": [
              "sg-0b66a5d07514cd985"
            ],
            "spot_price": "",
            "user_data": "d1df4d5f6828a9f841dc6a18faf08008441baafa",
            "user_data_base64": null,
            "vpc_classic_link_id": "",
            "vpc_classic_link_security_groups": null
          },
          "sensitive_attributes": [],
          "private": "bnVsbA==",
          "dependencies": [
            "aws_security_group.wgpark_allow_http"
          ],
          "create_before_destroy": true
        },
        {
          "deposed": "bc507222",
          "schema_version": 0,
          "attributes": {
            "arn": "arn:aws:autoscaling:ap-northeast-2:701558900840:launchConfiguration:ffd50eef-af6c-418a-a877-3473be30d38d:launchConfigurationName/wgpark-auto20211018075947572700000002",
            "associate_public_ip_address": false,
            "ebs_block_device": [],
            "ebs_optimized": false,
            "enable_monitoring": true,
            "ephemeral_block_device": [],
            "iam_instance_profile": "",
            "id": "wgpark-auto20211018075947572700000002",
            "image_id": "ami-0e4a9ad2eb120e054",
            "instance_type": "t2.micro",
            "key_name": "aws_terraform_tf",
            "metadata_options": [],
            "name": "wgpark-auto20211018075947572700000002",
            "name_prefix": "wgpark-auto",
            "placement_tenancy": null,
            "root_block_device": [],
            "security_groups": [
              "sg-0b66a5d07514cd985"
            ],
            "spot_price": "",
            "user_data": "d1df4d5f6828a9f841dc6a18faf08008441baafa",
            "user_data_base64": null,
            "vpc_classic_link_id": "",
            "vpc_classic_link_security_groups": []
          },
          "sensitive_attributes": [],
          "private": "bnVsbA==",
          "dependencies": [
            "aws_security_group.wgpark_allow_http",
            "aws_vpc.wgpark_vpc"
          ],
          "create_before_destroy": true
        }
      ]
    },
    {
      "mode": "managed",
      "type": "aws_lb",
      "name": "wgpark_lb",
      "provider": "provider[\"registry.terraform.io/hashicorp/aws\"]",
      "instances": [
        {
          "schema_version": 0,
          "attributes": {
            "access_logs": [
              {
                "bucket": "",
                "enabled": false,
                "prefix": ""
              }
            ],
            "arn": "arn:aws:elasticloadbalancing:ap-northeast-2:701558900840:loadbalancer/app/wgpark-asg-example/4dd0d574869efb27",
            "arn_suffix": "app/wgpark-asg-example/4dd0d574869efb27",
            "customer_owned_ipv4_pool": "",
            "dns_name": "wgpark-asg-example-546806024.ap-northeast-2.elb.amazonaws.com",
            "drop_invalid_header_fields": false,
            "enable_cross_zone_load_balancing": null,
            "enable_deletion_protection": false,
            "enable_http2": true,
            "id": "arn:aws:elasticloadbalancing:ap-northeast-2:701558900840:loadbalancer/app/wgpark-asg-example/4dd0d574869efb27",
            "idle_timeout": 60,
            "internal": false,
            "ip_address_type": "ipv4",
            "load_balancer_type": "application",
            "name": "wgpark-asg-example",
            "name_prefix": null,
            "security_groups": [
              "sg-08eb0105bf0b7fedd"
            ],
            "subnet_mapping": [
              {
                "allocation_id": "",
                "ipv6_address": "",
                "outpost_id": "",
                "private_ipv4_address": "",
                "subnet_id": "subnet-0532eef20b314707f"
              },
              {
                "allocation_id": "",
                "ipv6_address": "",
                "outpost_id": "",
                "private_ipv4_address": "",
                "subnet_id": "subnet-0f743af8f9b70879c"
              }
            ],
            "subnets": [
              "subnet-0532eef20b314707f",
              "subnet-0f743af8f9b70879c"
            ],
            "tags": {},
            "tags_all": {},
            "timeouts": null,
            "vpc_id": "vpc-02eaf698ece68e472",
            "zone_id": "ZWKZPGTI48KDX"
          },
          "sensitive_attributes": [],
          "private": "eyJlMmJmYjczMC1lY2FhLTExZTYtOGY4OC0zNDM2M2JjN2M0YzAiOnsiY3JlYXRlIjo2MDAwMDAwMDAwMDAsImRlbGV0ZSI6NjAwMDAwMDAwMDAwLCJ1cGRhdGUiOjYwMDAwMDAwMDAwMH19",
          "dependencies": [
            "aws_security_group.wgpark_alb",
            "aws_subnet.wgpark_puba",
            "aws_subnet.wgpark_pubc",
            "aws_vpc.wgpark_vpc"
          ]
        }
      ]
    },
    {
      "mode": "managed",
      "type": "aws_lb_listener",
      "name": "wgpark_http",
      "provider": "provider[\"registry.terraform.io/hashicorp/aws\"]",
      "instances": [
        {
          "schema_version": 0,
          "attributes": {
            "alpn_policy": null,
            "arn": "arn:aws:elasticloadbalancing:ap-northeast-2:701558900840:listener/app/wgpark-asg-example/4dd0d574869efb27/ec37cd93eb7a0b20",
            "certificate_arn": null,
            "default_action": [
              {
                "authenticate_cognito": [],
                "authenticate_oidc": [],
                "fixed_response": [],
                "forward": [],
                "order": 1,
                "redirect": [],
                "target_group_arn": "arn:aws:elasticloadbalancing:ap-northeast-2:701558900840:targetgroup/wgpark-lb-target-group/e19077ab8e2ebf74",
                "type": "forward"
              }
            ],
            "id": "arn:aws:elasticloadbalancing:ap-northeast-2:701558900840:listener/app/wgpark-asg-example/4dd0d574869efb27/ec37cd93eb7a0b20",
            "load_balancer_arn": "arn:aws:elasticloadbalancing:ap-northeast-2:701558900840:loadbalancer/app/wgpark-asg-example/4dd0d574869efb27",
            "port": 80,
            "protocol": "HTTP",
            "ssl_policy": "",
            "tags": {},
            "tags_all": {},
            "timeouts": null
          },
          "sensitive_attributes": [],
          "private": "eyJlMmJmYjczMC1lY2FhLTExZTYtOGY4OC0zNDM2M2JjN2M0YzAiOnsicmVhZCI6NjAwMDAwMDAwMDAwfX0=",
          "dependencies": [
            "aws_vpc.wgpark_vpc",
            "aws_lb.wgpark_lb",
            "aws_lb_target_group.wgpark_lb_target_group",
            "aws_security_group.wgpark_alb",
            "aws_subnet.wgpark_puba",
            "aws_subnet.wgpark_pubc"
          ]
        }
      ]
    },
    {
      "mode": "managed",
      "type": "aws_lb_target_group",
      "name": "wgpark_lb_target_group",
      "provider": "provider[\"registry.terraform.io/hashicorp/aws\"]",
      "instances": [
        {
          "schema_version": 0,
          "attributes": {
            "arn": "arn:aws:elasticloadbalancing:ap-northeast-2:701558900840:targetgroup/wgpark-lb-target-group/e19077ab8e2ebf74",
            "arn_suffix": "targetgroup/wgpark-lb-target-group/e19077ab8e2ebf74",
            "deregistration_delay": "300",
            "health_check": [
              {
                "enabled": true,
                "healthy_threshold": 2,
                "interval": 15,
                "matcher": "200",
                "path": "/",
                "port": "traffic-port",
                "protocol": "HTTP",
                "timeout": 3,
                "unhealthy_threshold": 2
              }
            ],
            "id": "arn:aws:elasticloadbalancing:ap-northeast-2:701558900840:targetgroup/wgpark-lb-target-group/e19077ab8e2ebf74",
            "lambda_multi_value_headers_enabled": false,
            "load_balancing_algorithm_type": "round_robin",
            "name": "wgpark-lb-target-group",
            "name_prefix": null,
            "port": 80,
            "preserve_client_ip": null,
            "protocol": "HTTP",
            "protocol_version": "HTTP1",
            "proxy_protocol_v2": false,
            "slow_start": 0,
            "stickiness": [
              {
                "cookie_duration": 86400,
                "cookie_name": "",
                "enabled": false,
                "type": "lb_cookie"
              }
            ],
            "tags": {},
            "tags_all": {},
            "target_type": "instance",
            "vpc_id": "vpc-02eaf698ece68e472"
          },
          "sensitive_attributes": [],
          "private": "bnVsbA==",
          "dependencies": [
            "aws_vpc.wgpark_vpc"
          ]
        }
      ]
    },
    {
      "mode": "managed",
      "type": "aws_lb_target_group_attachment",
      "name": "test",
      "provider": "provider[\"registry.terraform.io/hashicorp/aws\"]",
      "instances": [
        {
          "schema_version": 0,
          "attributes": {
            "availability_zone": null,
            "id": "arn:aws:elasticloadbalancing:ap-northeast-2:701558900840:targetgroup/wgpark-lb-target-group/e19077ab8e2ebf74-20211018083120093000000001",
            "port": 80,
            "target_group_arn": "arn:aws:elasticloadbalancing:ap-northeast-2:701558900840:targetgroup/wgpark-lb-target-group/e19077ab8e2ebf74",
            "target_id": "i-07d9422218e68f1ea"
          },
          "sensitive_attributes": [],
          "private": "bnVsbA==",
          "dependencies": [
            "aws_instance.web",
            "aws_lb_target_group.wgpark_lb_target_group",
            "aws_security_group.wgpark_allow_http",
            "aws_subnet.wgpark_puba"
          ]
        }
      ]
    },
    {
      "mode": "managed",
      "type": "aws_nat_gateway",
      "name": "wgpark_ngw_pria",
      "provider": "provider[\"registry.terraform.io/hashicorp/aws\"]",
      "instances": [
        {
          "schema_version": 0,
          "attributes": {
            "allocation_id": "eipalloc-06511d2ab821820c8",
            "connectivity_type": "public",
            "id": "nat-0e57bd381f3dd031b",
            "network_interface_id": "eni-0c9b2059d81517cc0",
            "private_ip": "192.168.0.211",
            "public_ip": "15.164.144.141",
            "subnet_id": "subnet-0532eef20b314707f",
            "tags": {
              "Name": "wgpark-ngw-pria"
            },
            "tags_all": {
              "Name": "wgpark-ngw-pria"
            }
          },
          "sensitive_attributes": [],
          "private": "bnVsbA==",
          "dependencies": [
            "aws_subnet.wgpark_puba",
            "aws_vpc.wgpark_vpc",
            "aws_eip.wgpark_eip_pria"
          ]
        }
      ]
    },
    {
      "mode": "managed",
      "type": "aws_nat_gateway",
      "name": "wgpark_ngw_pric",
      "provider": "provider[\"registry.terraform.io/hashicorp/aws\"]",
      "instances": [
        {
          "schema_version": 0,
          "attributes": {
            "allocation_id": "eipalloc-0e80cae9a78e7b31f",
            "connectivity_type": "public",
            "id": "nat-0ac2d315d4b168dc9",
            "network_interface_id": "eni-038914f84d1ac726d",
            "private_ip": "192.168.1.90",
            "public_ip": "3.37.212.230",
            "subnet_id": "subnet-0f743af8f9b70879c",
            "tags": {
              "Name": "wgpark-ngw-pric"
            },
            "tags_all": {
              "Name": "wgpark-ngw-pric"
            }
          },
          "sensitive_attributes": [],
          "private": "bnVsbA==",
          "dependencies": [
            "aws_eip.wgpark_eip_pric",
            "aws_subnet.wgpark_pubc",
            "aws_vpc.wgpark_vpc"
          ]
        }
      ]
    },
    {
      "mode": "managed",
      "type": "aws_placement_group",
      "name": "wgpark_pg",
      "provider": "provider[\"registry.terraform.io/hashicorp/aws\"]",
      "instances": [
        {
          "schema_version": 0,
          "attributes": {
            "arn": "arn:aws:ec2:ap-northeast-2:701558900840:placement-group/wgpark",
            "id": "wgpark",
            "name": "wgpark",
            "partition_count": 0,
            "placement_group_id": "pg-03cb29e3dfc9661c6",
            "strategy": "cluster",
            "tags": null,
            "tags_all": {}
          },
          "sensitive_attributes": [],
          "private": "bnVsbA=="
        }
      ]
    },
    {
      "mode": "managed",
      "type": "aws_route_table",
      "name": "wgpark_natrt_pria",
      "provider": "provider[\"registry.terraform.io/hashicorp/aws\"]",
      "instances": [
        {
          "schema_version": 0,
          "attributes": {
            "arn": "arn:aws:ec2:ap-northeast-2:701558900840:route-table/rtb-07659c3219428a376",
            "id": "rtb-07659c3219428a376",
            "owner_id": "701558900840",
            "propagating_vgws": [],
            "route": [
              {
                "carrier_gateway_id": "",
                "cidr_block": "0.0.0.0/0",
                "destination_prefix_list_id": "",
                "egress_only_gateway_id": "",
                "gateway_id": "nat-0e57bd381f3dd031b",
                "instance_id": "",
                "ipv6_cidr_block": "",
                "local_gateway_id": "",
                "nat_gateway_id": "",
                "network_interface_id": "",
                "transit_gateway_id": "",
                "vpc_endpoint_id": "",
                "vpc_peering_connection_id": ""
              }
            ],
            "tags": {
              "Name": "wgpark-natrt-pria"
            },
            "tags_all": {
              "Name": "wgpark-natrt-pria"
            },
            "timeouts": null,
            "vpc_id": "vpc-02eaf698ece68e472"
          },
          "sensitive_attributes": [],
          "private": "eyJlMmJmYjczMC1lY2FhLTExZTYtOGY4OC0zNDM2M2JjN2M0YzAiOnsiY3JlYXRlIjoxMjAwMDAwMDAwMDAsImRlbGV0ZSI6MzAwMDAwMDAwMDAwLCJ1cGRhdGUiOjEyMDAwMDAwMDAwMH19",
          "dependencies": [
            "aws_nat_gateway.wgpark_ngw_pria",
            "aws_vpc.wgpark_vpc"
          ]
        }
      ]
    },
    {
      "mode": "managed",
      "type": "aws_route_table",
      "name": "wgpark_natrt_pric",
      "provider": "provider[\"registry.terraform.io/hashicorp/aws\"]",
      "instances": [
        {
          "schema_version": 0,
          "attributes": {
            "arn": "arn:aws:ec2:ap-northeast-2:701558900840:route-table/rtb-08a82ff4a6587e64a",
            "id": "rtb-08a82ff4a6587e64a",
            "owner_id": "701558900840",
            "propagating_vgws": [],
            "route": [
              {
                "carrier_gateway_id": "",
                "cidr_block": "0.0.0.0/0",
                "destination_prefix_list_id": "",
                "egress_only_gateway_id": "",
                "gateway_id": "nat-0ac2d315d4b168dc9",
                "instance_id": "",
                "ipv6_cidr_block": "",
                "local_gateway_id": "",
                "nat_gateway_id": "",
                "network_interface_id": "",
                "transit_gateway_id": "",
                "vpc_endpoint_id": "",
                "vpc_peering_connection_id": ""
              }
            ],
            "tags": {
              "Name": "wgpark-natrt-pric"
            },
            "tags_all": {
              "Name": "wgpark-natrt-pric"
            },
            "timeouts": null,
            "vpc_id": "vpc-02eaf698ece68e472"
          },
          "sensitive_attributes": [],
          "private": "eyJlMmJmYjczMC1lY2FhLTExZTYtOGY4OC0zNDM2M2JjN2M0YzAiOnsiY3JlYXRlIjoxMjAwMDAwMDAwMDAsImRlbGV0ZSI6MzAwMDAwMDAwMDAwLCJ1cGRhdGUiOjEyMDAwMDAwMDAwMH19",
          "dependencies": [
            "aws_nat_gateway.wgpark_ngw_pric",
            "aws_vpc.wgpark_vpc"
          ]
        }
      ]
    },
    {
      "mode": "managed",
      "type": "aws_route_table",
      "name": "wgpark_pubrt",
      "provider": "provider[\"registry.terraform.io/hashicorp/aws\"]",
      "instances": [
        {
          "schema_version": 0,
          "attributes": {
            "arn": "arn:aws:ec2:ap-northeast-2:701558900840:route-table/rtb-0e09401fea967c44b",
            "id": "rtb-0e09401fea967c44b",
            "owner_id": "701558900840",
            "propagating_vgws": [],
            "route": [
              {
                "carrier_gateway_id": "",
                "cidr_block": "0.0.0.0/0",
                "destination_prefix_list_id": "",
                "egress_only_gateway_id": "",
                "gateway_id": "igw-08cd151d30d915311",
                "instance_id": "",
                "ipv6_cidr_block": "",
                "local_gateway_id": "",
                "nat_gateway_id": "",
                "network_interface_id": "",
                "transit_gateway_id": "",
                "vpc_endpoint_id": "",
                "vpc_peering_connection_id": ""
              }
            ],
            "tags": {
              "Name": "wgpark-pubrt"
            },
            "tags_all": {
              "Name": "wgpark-pubrt"
            },
            "timeouts": null,
            "vpc_id": "vpc-02eaf698ece68e472"
          },
          "sensitive_attributes": [],
          "private": "eyJlMmJmYjczMC1lY2FhLTExZTYtOGY4OC0zNDM2M2JjN2M0YzAiOnsiY3JlYXRlIjoxMjAwMDAwMDAwMDAsImRlbGV0ZSI6MzAwMDAwMDAwMDAwLCJ1cGRhdGUiOjEyMDAwMDAwMDAwMH19",
          "dependencies": [
            "aws_internet_gateway.wgpark_ig",
            "aws_vpc.wgpark_vpc"
          ]
        }
      ]
    },
    {
      "mode": "managed",
      "type": "aws_route_table_association",
      "name": "wgpark_pria_ass",
      "provider": "provider[\"registry.terraform.io/hashicorp/aws\"]",
      "instances": [
        {
          "schema_version": 0,
          "attributes": {
            "gateway_id": "",
            "id": "rtbassoc-0fe20319df56277a8",
            "route_table_id": "rtb-07659c3219428a376",
            "subnet_id": "subnet-0496af87895b9b011"
          },
          "sensitive_attributes": [],
          "private": "bnVsbA==",
          "dependencies": [
            "aws_route_table.wgpark_natrt_pria",
            "aws_subnet.wgpark_pria",
            "aws_subnet.wgpark_puba",
            "aws_vpc.wgpark_vpc",
            "aws_eip.wgpark_eip_pria",
            "aws_nat_gateway.wgpark_ngw_pria"
          ]
        }
      ]
    },
    {
      "mode": "managed",
      "type": "aws_route_table_association",
      "name": "wgpark_pric_ass",
      "provider": "provider[\"registry.terraform.io/hashicorp/aws\"]",
      "instances": [
        {
          "schema_version": 0,
          "attributes": {
            "gateway_id": "",
            "id": "rtbassoc-01e9269b10eee7283",
            "route_table_id": "rtb-08a82ff4a6587e64a",
            "subnet_id": "subnet-04ccad9207f6380c9"
          },
          "sensitive_attributes": [],
          "private": "bnVsbA==",
          "dependencies": [
            "aws_eip.wgpark_eip_pric",
            "aws_nat_gateway.wgpark_ngw_pric",
            "aws_route_table.wgpark_natrt_pric",
            "aws_subnet.wgpark_pric",
            "aws_subnet.wgpark_pubc",
            "aws_vpc.wgpark_vpc"
          ]
        }
      ]
    },
    {
      "mode": "managed",
      "type": "aws_route_table_association",
      "name": "wgpark_puba_ass",
      "provider": "provider[\"registry.terraform.io/hashicorp/aws\"]",
      "instances": [
        {
          "schema_version": 0,
          "attributes": {
            "gateway_id": "",
            "id": "rtbassoc-0ab0e1188e540cb4a",
            "route_table_id": "rtb-0e09401fea967c44b",
            "subnet_id": "subnet-0532eef20b314707f"
          },
          "sensitive_attributes": [],
          "private": "bnVsbA==",
          "dependencies": [
            "aws_internet_gateway.wgpark_ig",
            "aws_route_table.wgpark_pubrt",
            "aws_subnet.wgpark_puba",
            "aws_vpc.wgpark_vpc"
          ]
        }
      ]
    },
    {
      "mode": "managed",
      "type": "aws_route_table_association",
      "name": "wgpark_pubc_ass",
      "provider": "provider[\"registry.terraform.io/hashicorp/aws\"]",
      "instances": [
        {
          "schema_version": 0,
          "attributes": {
            "gateway_id": "",
            "id": "rtbassoc-06b017f2e96c5a06e",
            "route_table_id": "rtb-0e09401fea967c44b",
            "subnet_id": "subnet-0f743af8f9b70879c"
          },
          "sensitive_attributes": [],
          "private": "bnVsbA==",
          "dependencies": [
            "aws_internet_gateway.wgpark_ig",
            "aws_route_table.wgpark_pubrt",
            "aws_subnet.wgpark_pubc",
            "aws_vpc.wgpark_vpc"
          ]
        }
      ]
    },
    {
      "mode": "managed",
      "type": "aws_security_group",
      "name": "wgpark_alb",
      "provider": "provider[\"registry.terraform.io/hashicorp/aws\"]",
      "instances": [
        {
          "schema_version": 1,
          "attributes": {
            "arn": "arn:aws:ec2:ap-northeast-2:701558900840:security-group/sg-08eb0105bf0b7fedd",
            "description": "Managed by Terraform",
            "egress": [
              {
                "cidr_blocks": [
                  "0.0.0.0/0"
                ],
                "description": "",
                "from_port": 0,
                "ipv6_cidr_blocks": [],
                "prefix_list_ids": [],
                "protocol": "-1",
                "security_groups": [],
                "self": false,
                "to_port": 0
              }
            ],
            "id": "sg-08eb0105bf0b7fedd",
            "ingress": [
              {
                "cidr_blocks": [
                  "0.0.0.0/0"
                ],
                "description": "",
                "from_port": 80,
                "ipv6_cidr_blocks": [],
                "prefix_list_ids": [],
                "protocol": "tcp",
                "security_groups": [],
                "self": false,
                "to_port": 80
              }
            ],
            "name": "terraform-wgpark-alb",
            "name_prefix": "",
            "owner_id": "701558900840",
            "revoke_rules_on_delete": false,
            "tags": {},
            "tags_all": {},
            "timeouts": null,
            "vpc_id": "vpc-02eaf698ece68e472"
          },
          "sensitive_attributes": [],
          "private": "eyJlMmJmYjczMC1lY2FhLTExZTYtOGY4OC0zNDM2M2JjN2M0YzAiOnsiY3JlYXRlIjo2MDAwMDAwMDAwMDAsImRlbGV0ZSI6OTAwMDAwMDAwMDAwfSwic2NoZW1hX3ZlcnNpb24iOiIxIn0=",
          "dependencies": [
            "aws_vpc.wgpark_vpc"
          ]
        }
      ]
    },
    {
      "mode": "managed",
      "type": "aws_security_group",
      "name": "wgpark_allow_http",
      "provider": "provider[\"registry.terraform.io/hashicorp/aws\"]",
      "instances": [
        {
          "schema_version": 1,
          "attributes": {
            "arn": "arn:aws:ec2:ap-northeast-2:701558900840:security-group/sg-0b66a5d07514cd985",
            "description": "Allow Http inbound traffic",
            "egress": [
              {
                "cidr_blocks": [
                  "0.0.0.0/0"
                ],
                "description": "default",
                "from_port": 0,
                "ipv6_cidr_blocks": [
                  "::/0"
                ],
                "prefix_list_ids": [],
                "protocol": "-1",
                "security_groups": [],
                "self": false,
                "to_port": 0
              }
            ],
            "id": "sg-0b66a5d07514cd985",
            "ingress": [
              {
                "cidr_blocks": [
                  "0.0.0.0/0"
                ],
                "description": "Http from VPC",
                "from_port": 80,
                "ipv6_cidr_blocks": [
                  "::/0"
                ],
                "prefix_list_ids": [],
                "protocol": "tcp",
                "security_groups": [],
                "self": false,
                "to_port": 80
              },
              {
                "cidr_blocks": [
                  "0.0.0.0/0"
                ],
                "description": "SSH from VPC",
                "from_port": 22,
                "ipv6_cidr_blocks": [
                  "::/0"
                ],
                "prefix_list_ids": [],
                "protocol": "tcp",
                "security_groups": [],
                "self": false,
                "to_port": 22
              }
            ],
            "name": "allow_httpssh",
            "name_prefix": "",
            "owner_id": "701558900840",
            "revoke_rules_on_delete": false,
            "tags": {
              "Name": "wgpark-allow-httpssh"
            },
            "tags_all": {
              "Name": "wgpark-allow-httpssh"
            },
            "timeouts": null,
            "vpc_id": "vpc-02eaf698ece68e472"
          },
          "sensitive_attributes": [],
          "private": "eyJlMmJmYjczMC1lY2FhLTExZTYtOGY4OC0zNDM2M2JjN2M0YzAiOnsiY3JlYXRlIjo2MDAwMDAwMDAwMDAsImRlbGV0ZSI6OTAwMDAwMDAwMDAwfSwic2NoZW1hX3ZlcnNpb24iOiIxIn0=",
          "dependencies": [
            "aws_vpc.wgpark_vpc"
          ],
          "create_before_destroy": true
        }
      ]
    },
    {
      "mode": "managed",
      "type": "aws_security_group",
      "name": "wgpark_allow_mysql",
      "provider": "provider[\"registry.terraform.io/hashicorp/aws\"]",
      "instances": [
        {
          "schema_version": 1,
          "attributes": {
            "arn": "arn:aws:ec2:ap-northeast-2:701558900840:security-group/sg-0174e879a69c47fa3",
            "description": "Allow mysql inbound traffic",
            "egress": [
              {
                "cidr_blocks": [
                  "0.0.0.0/0"
                ],
                "description": "default",
                "from_port": 0,
                "ipv6_cidr_blocks": [
                  "::/0"
                ],
                "prefix_list_ids": [],
                "protocol": "-1",
                "security_groups": [],
                "self": false,
                "to_port": 0
              }
            ],
            "id": "sg-0174e879a69c47fa3",
            "ingress": [
              {
                "cidr_blocks": [
                  "192.168.0.0/24"
                ],
                "description": "mysql from VPC",
                "from_port": 3306,
                "ipv6_cidr_blocks": [
                  "::/0"
                ],
                "prefix_list_ids": [],
                "protocol": "tcp",
                "security_groups": [],
                "self": false,
                "to_port": 3306
              }
            ],
            "name": "allow_mysql",
            "name_prefix": "",
            "owner_id": "701558900840",
            "revoke_rules_on_delete": false,
            "tags": {
              "Name": "wgpark-allow-rds"
            },
            "tags_all": {
              "Name": "wgpark-allow-rds"
            },
            "timeouts": null,
            "vpc_id": "vpc-02eaf698ece68e472"
          },
          "sensitive_attributes": [],
          "private": "eyJlMmJmYjczMC1lY2FhLTExZTYtOGY4OC0zNDM2M2JjN2M0YzAiOnsiY3JlYXRlIjo2MDAwMDAwMDAwMDAsImRlbGV0ZSI6OTAwMDAwMDAwMDAwfSwic2NoZW1hX3ZlcnNpb24iOiIxIn0=",
          "dependencies": [
            "aws_subnet.wgpark_puba",
            "aws_vpc.wgpark_vpc"
          ]
        }
      ]
    },
    {
      "mode": "managed",
      "type": "aws_subnet",
      "name": "wgpark_pria",
      "provider": "provider[\"registry.terraform.io/hashicorp/aws\"]",
      "instances": [
        {
          "schema_version": 1,
          "attributes": {
            "arn": "arn:aws:ec2:ap-northeast-2:701558900840:subnet/subnet-0496af87895b9b011",
            "assign_ipv6_address_on_creation": false,
            "availability_zone": "ap-northeast-2a",
            "availability_zone_id": "apne2-az1",
            "cidr_block": "192.168.2.0/24",
            "customer_owned_ipv4_pool": "",
            "id": "subnet-0496af87895b9b011",
            "ipv6_cidr_block": "",
            "ipv6_cidr_block_association_id": "",
            "map_customer_owned_ip_on_launch": false,
            "map_public_ip_on_launch": false,
            "outpost_arn": "",
            "owner_id": "701558900840",
            "tags": {
              "Name": "pri-a"
            },
            "tags_all": {
              "Name": "pri-a"
            },
            "timeouts": null,
            "vpc_id": "vpc-02eaf698ece68e472"
          },
          "sensitive_attributes": [],
          "private": "eyJlMmJmYjczMC1lY2FhLTExZTYtOGY4OC0zNDM2M2JjN2M0YzAiOnsiY3JlYXRlIjo2MDAwMDAwMDAwMDAsImRlbGV0ZSI6MTIwMDAwMDAwMDAwMH0sInNjaGVtYV92ZXJzaW9uIjoiMSJ9",
          "dependencies": [
            "aws_vpc.wgpark_vpc"
          ]
        }
      ]
    },
    {
      "mode": "managed",
      "type": "aws_subnet",
      "name": "wgpark_pric",
      "provider": "provider[\"registry.terraform.io/hashicorp/aws\"]",
      "instances": [
        {
          "schema_version": 1,
          "attributes": {
            "arn": "arn:aws:ec2:ap-northeast-2:701558900840:subnet/subnet-04ccad9207f6380c9",
            "assign_ipv6_address_on_creation": false,
            "availability_zone": "ap-northeast-2c",
            "availability_zone_id": "apne2-az3",
            "cidr_block": "192.168.3.0/24",
            "customer_owned_ipv4_pool": "",
            "id": "subnet-04ccad9207f6380c9",
            "ipv6_cidr_block": "",
            "ipv6_cidr_block_association_id": "",
            "map_customer_owned_ip_on_launch": false,
            "map_public_ip_on_launch": false,
            "outpost_arn": "",
            "owner_id": "701558900840",
            "tags": {
              "Name": "pri-c"
            },
            "tags_all": {
              "Name": "pri-c"
            },
            "timeouts": null,
            "vpc_id": "vpc-02eaf698ece68e472"
          },
          "sensitive_attributes": [],
          "private": "eyJlMmJmYjczMC1lY2FhLTExZTYtOGY4OC0zNDM2M2JjN2M0YzAiOnsiY3JlYXRlIjo2MDAwMDAwMDAwMDAsImRlbGV0ZSI6MTIwMDAwMDAwMDAwMH0sInNjaGVtYV92ZXJzaW9uIjoiMSJ9",
          "dependencies": [
            "aws_vpc.wgpark_vpc"
          ]
        }
      ]
    },
    {
      "mode": "managed",
      "type": "aws_subnet",
      "name": "wgpark_puba",
      "provider": "provider[\"registry.terraform.io/hashicorp/aws\"]",
      "instances": [
        {
          "schema_version": 1,
          "attributes": {
            "arn": "arn:aws:ec2:ap-northeast-2:701558900840:subnet/subnet-0532eef20b314707f",
            "assign_ipv6_address_on_creation": false,
            "availability_zone": "ap-northeast-2a",
            "availability_zone_id": "apne2-az1",
            "cidr_block": "192.168.0.0/24",
            "customer_owned_ipv4_pool": "",
            "id": "subnet-0532eef20b314707f",
            "ipv6_cidr_block": "",
            "ipv6_cidr_block_association_id": "",
            "map_customer_owned_ip_on_launch": false,
            "map_public_ip_on_launch": false,
            "outpost_arn": "",
            "owner_id": "701558900840",
            "tags": {
              "Name": "pub-a"
            },
            "tags_all": {
              "Name": "pub-a"
            },
            "timeouts": null,
            "vpc_id": "vpc-02eaf698ece68e472"
          },
          "sensitive_attributes": [],
          "private": "eyJlMmJmYjczMC1lY2FhLTExZTYtOGY4OC0zNDM2M2JjN2M0YzAiOnsiY3JlYXRlIjo2MDAwMDAwMDAwMDAsImRlbGV0ZSI6MTIwMDAwMDAwMDAwMH0sInNjaGVtYV92ZXJzaW9uIjoiMSJ9",
          "dependencies": [
            "aws_vpc.wgpark_vpc"
          ]
        }
      ]
    },
    {
      "mode": "managed",
      "type": "aws_subnet",
      "name": "wgpark_pubc",
      "provider": "provider[\"registry.terraform.io/hashicorp/aws\"]",
      "instances": [
        {
          "schema_version": 1,
          "attributes": {
            "arn": "arn:aws:ec2:ap-northeast-2:701558900840:subnet/subnet-0f743af8f9b70879c",
            "assign_ipv6_address_on_creation": false,
            "availability_zone": "ap-northeast-2c",
            "availability_zone_id": "apne2-az3",
            "cidr_block": "192.168.1.0/24",
            "customer_owned_ipv4_pool": "",
            "id": "subnet-0f743af8f9b70879c",
            "ipv6_cidr_block": "",
            "ipv6_cidr_block_association_id": "",
            "map_customer_owned_ip_on_launch": false,
            "map_public_ip_on_launch": false,
            "outpost_arn": "",
            "owner_id": "701558900840",
            "tags": {
              "Name": "pub-c"
            },
            "tags_all": {
              "Name": "pub-c"
            },
            "timeouts": null,
            "vpc_id": "vpc-02eaf698ece68e472"
          },
          "sensitive_attributes": [],
          "private": "eyJlMmJmYjczMC1lY2FhLTExZTYtOGY4OC0zNDM2M2JjN2M0YzAiOnsiY3JlYXRlIjo2MDAwMDAwMDAwMDAsImRlbGV0ZSI6MTIwMDAwMDAwMDAwMH0sInNjaGVtYV92ZXJzaW9uIjoiMSJ9",
          "dependencies": [
            "aws_vpc.wgpark_vpc"
          ]
        }
      ]
    },
    {
      "mode": "managed",
      "type": "aws_vpc",
      "name": "wgpark_vpc",
      "provider": "provider[\"registry.terraform.io/hashicorp/aws\"]",
      "instances": [
        {
          "schema_version": 1,
          "attributes": {
            "arn": "arn:aws:ec2:ap-northeast-2:701558900840:vpc/vpc-02eaf698ece68e472",
            "assign_generated_ipv6_cidr_block": false,
            "cidr_block": "192.168.0.0/16",
            "default_network_acl_id": "acl-0c344f639d8039351",
            "default_route_table_id": "rtb-03993e6762606db76",
            "default_security_group_id": "sg-05e0f4329c09d609c",
            "dhcp_options_id": "dopt-02ff66f0f3f020dff",
            "enable_classiclink": null,
            "enable_classiclink_dns_support": null,
            "enable_dns_hostnames": false,
            "enable_dns_support": true,
            "id": "vpc-02eaf698ece68e472",
            "instance_tenancy": "default",
            "ipv6_association_id": "",
            "ipv6_cidr_block": "",
            "main_route_table_id": "rtb-03993e6762606db76",
            "owner_id": "701558900840",
            "tags": {
              "Name": "wgpark-vpc"
            },
            "tags_all": {
              "Name": "wgpark-vpc"
            }
          },
          "sensitive_attributes": [],
          "private": "eyJzY2hlbWFfdmVyc2lvbiI6IjEifQ==",
          "create_before_destroy": true
        }
      ]
    }
  ]
}
