{
  "version": 4,
  "terraform_version": "1.0.8",
  "serial": 219,
  "lineage": "1ff520fb-970f-350a-df93-316a161ea939",
  "outputs": {
    "insatnce-id": {
      "value": "i-0268fec588e78fc2f",
      "type": "string"
    },
    "vpc-id": {
      "value": "vpc-07a197baa19b5e735",
      "type": "string"
    }
  },
  "resources": [
    {
      "mode": "managed",
      "type": "aws_db_instance",
      "name": "wgpark_rds",
      "provider": "provider[\"registry.terraform.io/hashicorp/aws\"]",
      "instances": [
        {
          "schema_version": 1,
          "attributes": {
            "address": "terraform-20211016153101238200000001.cyzaniwmw0sq.ap-northeast-2.rds.amazonaws.com",
            "allocated_storage": 10,
            "allow_major_version_upgrade": null,
            "apply_immediately": null,
            "arn": "arn:aws:rds:ap-northeast-2:701558900840:db:terraform-20211016153101238200000001",
            "auto_minor_version_upgrade": true,
            "availability_zone": "ap-northeast-2c",
            "backup_retention_period": 0,
            "backup_window": "18:35-19:05",
            "ca_cert_identifier": "rds-ca-2019",
            "character_set_name": "",
            "copy_tags_to_snapshot": false,
            "customer_owned_ip_enabled": false,
            "db_subnet_group_name": "wgpark_db_subnet_group",
            "delete_automated_backups": true,
            "deletion_protection": false,
            "domain": "",
            "domain_iam_role_name": "",
            "enabled_cloudwatch_logs_exports": [],
            "endpoint": "terraform-20211016153101238200000001.cyzaniwmw0sq.ap-northeast-2.rds.amazonaws.com:3306",
            "engine": "mysql",
            "engine_version": "5.7",
            "engine_version_actual": "5.7.33",
            "final_snapshot_identifier": null,
            "hosted_zone_id": "ZLA2NUCOLGUUR",
            "iam_database_authentication_enabled": false,
            "id": "terraform-20211016153101238200000001",
            "identifier": "terraform-20211016153101238200000001",
            "identifier_prefix": null,
            "instance_class": "db.t3.micro",
            "iops": 0,
            "kms_key_id": "",
            "latest_restorable_time": "0001-01-01T00:00:00Z",
            "license_model": "general-public-license",
            "maintenance_window": "sat:20:01-sat:20:31",
            "max_allocated_storage": 0,
            "monitoring_interval": 0,
            "monitoring_role_arn": "",
            "multi_az": false,
            "name": "mydb",
            "nchar_character_set_name": "",
            "option_group_name": "default:mysql-5-7",
            "parameter_group_name": "default.mysql5.7",
            "password": "It12345!",
            "performance_insights_enabled": false,
            "performance_insights_kms_key_id": "",
            "performance_insights_retention_period": 0,
            "port": 3306,
            "publicly_accessible": false,
            "replica_mode": "",
            "replicas": [],
            "replicate_source_db": "",
            "resource_id": "db-SD7U2DYLDLG5ZBHUYFUXNEPDOY",
            "restore_to_point_in_time": [],
            "s3_import": [],
            "security_group_names": [],
            "skip_final_snapshot": false,
            "snapshot_identifier": null,
            "status": "available",
            "storage_encrypted": false,
            "storage_type": "gp2",
            "tags": {
              "Name": "wgpark-mysql-rds"
            },
            "tags_all": {
              "Name": "wgpark-mysql-rds"
            },
            "timeouts": null,
            "timezone": "",
            "username": "wordpress",
            "vpc_security_group_ids": [
              "sg-0e592f28af63c02c7"
            ]
          },
          "sensitive_attributes": [],
          "private": "eyJlMmJmYjczMC1lY2FhLTExZTYtOGY4OC0zNDM2M2JjN2M0YzAiOnsiY3JlYXRlIjoyNDAwMDAwMDAwMDAwLCJkZWxldGUiOjM2MDAwMDAwMDAwMDAsInVwZGF0ZSI6NDgwMDAwMDAwMDAwMH0sInNjaGVtYV92ZXJzaW9uIjoiMSJ9",
          "dependencies": [
            "aws_db_subnet_group.database"
          ]
        }
      ]
    },
    {
      "mode": "managed",
      "type": "aws_db_subnet_group",
      "name": "database",
      "provider": "provider[\"registry.terraform.io/hashicorp/aws\"]",
      "instances": [
        {
          "schema_version": 0,
          "attributes": {
            "arn": "arn:aws:rds:ap-northeast-2:701558900840:subgrp:wgpark_db_subnet_group",
            "description": "Managed by Terraform",
            "id": "wgpark_db_subnet_group",
            "name": "wgpark_db_subnet_group",
            "name_prefix": null,
            "subnet_ids": [
              "subnet-05a79514a954cb01d",
              "subnet-0d8d628099e665c53"
            ],
            "tags": {},
            "tags_all": {}
          },
          "sensitive_attributes": [],
          "private": "bnVsbA==",
          "dependencies": [
            "aws_subnet.wgpark_pria",
            "aws_subnet.wgpark_pric",
            "aws_vpc.wgpark_vpc"
          ]
        }
      ]
    },
    {
      "mode": "managed",
      "type": "aws_eip",
      "name": "wgpark_eip_instance",
      "provider": "provider[\"registry.terraform.io/hashicorp/aws\"]",
      "instances": [
        {
          "schema_version": 0,
          "attributes": {
            "address": null,
            "allocation_id": null,
            "associate_with_private_ip": null,
            "association_id": "",
            "carrier_ip": "",
            "customer_owned_ip": "",
            "customer_owned_ipv4_pool": "",
            "domain": "vpc",
            "id": "eipalloc-01491eca7dbb33c1e",
            "instance": "",
            "network_border_group": "ap-northeast-2",
            "network_interface": "",
            "private_dns": null,
            "private_ip": "",
            "public_dns": "ec2-52-79-35-30.ap-northeast-2.compute.amazonaws.com",
            "public_ip": "52.79.35.30",
            "public_ipv4_pool": "amazon",
            "tags": {},
            "tags_all": {},
            "timeouts": null,
            "vpc": true
          },
          "sensitive_attributes": [],
          "private": "eyJlMmJmYjczMC1lY2FhLTExZTYtOGY4OC0zNDM2M2JjN2M0YzAiOnsiZGVsZXRlIjoxODAwMDAwMDAwMDAsInJlYWQiOjkwMDAwMDAwMDAwMCwidXBkYXRlIjozMDAwMDAwMDAwMDB9fQ=="
        }
      ]
    },
    {
      "mode": "managed",
      "type": "aws_eip",
      "name": "wgpark_eip_pria",
      "provider": "provider[\"registry.terraform.io/hashicorp/aws\"]",
      "instances": [
        {
          "schema_version": 0,
          "attributes": {
            "address": null,
            "allocation_id": null,
            "associate_with_private_ip": null,
            "association_id": "eipassoc-0d7f415012da5ae8c",
            "carrier_ip": "",
            "customer_owned_ip": "",
            "customer_owned_ipv4_pool": "",
            "domain": "vpc",
            "id": "eipalloc-0364966a9bf0f1c9e",
            "instance": "",
            "network_border_group": "ap-northeast-2",
            "network_interface": "eni-0aba4d5018b6a751f",
            "private_dns": "ip-192-168-0-81.ap-northeast-2.compute.internal",
            "private_ip": "192.168.0.81",
            "public_dns": "ec2-54-180-27-138.ap-northeast-2.compute.amazonaws.com",
            "public_ip": "54.180.27.138",
            "public_ipv4_pool": "amazon",
            "tags": {},
            "tags_all": {},
            "timeouts": null,
            "vpc": true
          },
          "sensitive_attributes": [],
          "private": "eyJlMmJmYjczMC1lY2FhLTExZTYtOGY4OC0zNDM2M2JjN2M0YzAiOnsiZGVsZXRlIjoxODAwMDAwMDAwMDAsInJlYWQiOjkwMDAwMDAwMDAwMCwidXBkYXRlIjozMDAwMDAwMDAwMDB9fQ=="
        }
      ]
    },
    {
      "mode": "managed",
      "type": "aws_eip",
      "name": "wgpark_eip_pric",
      "provider": "provider[\"registry.terraform.io/hashicorp/aws\"]",
      "instances": [
        {
          "schema_version": 0,
          "attributes": {
            "address": null,
            "allocation_id": null,
            "associate_with_private_ip": null,
            "association_id": "eipassoc-0d77981203cab9663",
            "carrier_ip": "",
            "customer_owned_ip": "",
            "customer_owned_ipv4_pool": "",
            "domain": "vpc",
            "id": "eipalloc-08213d0002052c87f",
            "instance": "",
            "network_border_group": "ap-northeast-2",
            "network_interface": "eni-0ef0f992631a629fd",
            "private_dns": "ip-192-168-1-52.ap-northeast-2.compute.internal",
            "private_ip": "192.168.1.52",
            "public_dns": "ec2-13-124-75-227.ap-northeast-2.compute.amazonaws.com",
            "public_ip": "13.124.75.227",
            "public_ipv4_pool": "amazon",
            "tags": {},
            "tags_all": {},
            "timeouts": null,
            "vpc": true
          },
          "sensitive_attributes": [],
          "private": "eyJlMmJmYjczMC1lY2FhLTExZTYtOGY4OC0zNDM2M2JjN2M0YzAiOnsiZGVsZXRlIjoxODAwMDAwMDAwMDAsInJlYWQiOjkwMDAwMDAwMDAwMCwidXBkYXRlIjozMDAwMDAwMDAwMDB9fQ=="
        }
      ]
    },
    {
      "mode": "managed",
      "type": "aws_internet_gateway",
      "name": "wgpark_ig",
      "provider": "provider[\"registry.terraform.io/hashicorp/aws\"]",
      "instances": [
        {
          "schema_version": 0,
          "attributes": {
            "arn": "arn:aws:ec2:ap-northeast-2:701558900840:internet-gateway/igw-0231792b89bf0199a",
            "id": "igw-0231792b89bf0199a",
            "owner_id": "701558900840",
            "tags": {
              "Name": "wgpark"
            },
            "tags_all": {
              "Name": "wgpark"
            },
            "vpc_id": "vpc-07a197baa19b5e735"
          },
          "sensitive_attributes": [],
          "private": "bnVsbA==",
          "dependencies": [
            "aws_vpc.wgpark_vpc"
          ]
        }
      ]
    },
    {
      "mode": "managed",
      "type": "aws_key_pair",
      "name": "aws_terraform_tf",
      "provider": "provider[\"registry.terraform.io/hashicorp/aws\"]",
      "instances": [
        {
          "schema_version": 1,
          "attributes": {
            "arn": "arn:aws:ec2:ap-northeast-2:701558900840:key-pair/aws_terraform_tf",
            "fingerprint": "74:f0:8f:f9:04:b6:4f:04:f7:9d:78:ce:9e:01:c9:f0",
            "id": "aws_terraform_tf",
            "key_name": "aws_terraform_tf",
            "key_name_prefix": null,
            "key_pair_id": "key-0f7078673a54ad42f",
            "public_key": "ssh-rsa AAAAB3NzaC1yc2EAAAADAQABAAABAQC2X5QCBWSmh9oyFo/FHixix20X48BuOmvM458981MVst+ltKAhPrtf14byZ2hKnjPryb6bjuStbklOflr1YxSXiiA2jmZBSgLO1Xo5ejRpdhDxLCUchGniHCnyJevoGyvjUXV4a5cZkvbZBmp9ruz3Fn6aZOtTpghd2zW7I7ZKx/Y/oWGYWjcJL5M7ZNqHVqE6Wr+ZSCkg+fPZumTs+AKYDblBPeiyP/10Rtxw8HD88OGMTAaSF9diCOCoNXDnAIwqyOByR2c5qy3DabLZIAbN3xgFQXeaXWtn8/gI7E/eqg2KJ4PnLwngMESTrMdczLK6P4Ux4BewL2UjwXW6YQH/",
            "tags": {},
            "tags_all": {}
          },
          "sensitive_attributes": [],
          "private": "eyJzY2hlbWFfdmVyc2lvbiI6IjEifQ=="
        }
      ]
    },
    {
      "mode": "managed",
      "type": "aws_nat_gateway",
      "name": "wgpark_ngw_pria",
      "provider": "provider[\"registry.terraform.io/hashicorp/aws\"]",
      "instances": [
        {
          "schema_version": 0,
          "attributes": {
            "allocation_id": "eipalloc-0364966a9bf0f1c9e",
            "connectivity_type": "public",
            "id": "nat-0d38796f6c2c56b7a",
            "network_interface_id": "eni-0aba4d5018b6a751f",
            "private_ip": "192.168.0.81",
            "public_ip": "54.180.27.138",
            "subnet_id": "subnet-0855b23239920e35d",
            "tags": {
              "Name": "wgpark-ngw-pria"
            },
            "tags_all": {
              "Name": "wgpark-ngw-pria"
            }
          },
          "sensitive_attributes": [],
          "private": "bnVsbA==",
          "dependencies": [
            "aws_eip.wgpark_eip_pria",
            "aws_subnet.wgpark_puba",
            "aws_vpc.wgpark_vpc"
          ]
        }
      ]
    },
    {
      "mode": "managed",
      "type": "aws_nat_gateway",
      "name": "wgpark_ngw_pric",
      "provider": "provider[\"registry.terraform.io/hashicorp/aws\"]",
      "instances": [
        {
          "schema_version": 0,
          "attributes": {
            "allocation_id": "eipalloc-08213d0002052c87f",
            "connectivity_type": "public",
            "id": "nat-06fbc53eb726308ac",
            "network_interface_id": "eni-0ef0f992631a629fd",
            "private_ip": "192.168.1.52",
            "public_ip": "13.124.75.227",
            "subnet_id": "subnet-0dedb1bd90dfdc7f4",
            "tags": {
              "Name": "wgpark-ngw-pric"
            },
            "tags_all": {
              "Name": "wgpark-ngw-pric"
            }
          },
          "sensitive_attributes": [],
          "private": "bnVsbA==",
          "dependencies": [
            "aws_eip.wgpark_eip_pric",
            "aws_subnet.wgpark_pubc",
            "aws_vpc.wgpark_vpc"
          ]
        }
      ]
    },
    {
      "mode": "managed",
      "type": "aws_route_table",
      "name": "wgpark_natrt_pria",
      "provider": "provider[\"registry.terraform.io/hashicorp/aws\"]",
      "instances": [
        {
          "schema_version": 0,
          "attributes": {
            "arn": "arn:aws:ec2:ap-northeast-2:701558900840:route-table/rtb-09b2c40840403da54",
            "id": "rtb-09b2c40840403da54",
            "owner_id": "701558900840",
            "propagating_vgws": [],
            "route": [
              {
                "carrier_gateway_id": "",
                "cidr_block": "0.0.0.0/0",
                "destination_prefix_list_id": "",
                "egress_only_gateway_id": "",
                "gateway_id": "nat-0d38796f6c2c56b7a",
                "instance_id": "",
                "ipv6_cidr_block": "",
                "local_gateway_id": "",
                "nat_gateway_id": "",
                "network_interface_id": "",
                "transit_gateway_id": "",
                "vpc_endpoint_id": "",
                "vpc_peering_connection_id": ""
              }
            ],
            "tags": {
              "Name": "wgpark-natrt-pria"
            },
            "tags_all": {
              "Name": "wgpark-natrt-pria"
            },
            "timeouts": null,
            "vpc_id": "vpc-07a197baa19b5e735"
          },
          "sensitive_attributes": [],
          "private": "eyJlMmJmYjczMC1lY2FhLTExZTYtOGY4OC0zNDM2M2JjN2M0YzAiOnsiY3JlYXRlIjoxMjAwMDAwMDAwMDAsImRlbGV0ZSI6MzAwMDAwMDAwMDAwLCJ1cGRhdGUiOjEyMDAwMDAwMDAwMH19",
          "dependencies": [
            "aws_nat_gateway.wgpark_ngw_pria",
            "aws_vpc.wgpark_vpc"
          ]
        }
      ]
    },
    {
      "mode": "managed",
      "type": "aws_route_table",
      "name": "wgpark_natrt_pric",
      "provider": "provider[\"registry.terraform.io/hashicorp/aws\"]",
      "instances": [
        {
          "schema_version": 0,
          "attributes": {
            "arn": "arn:aws:ec2:ap-northeast-2:701558900840:route-table/rtb-0b45389ea74272458",
            "id": "rtb-0b45389ea74272458",
            "owner_id": "701558900840",
            "propagating_vgws": [],
            "route": [
              {
                "carrier_gateway_id": "",
                "cidr_block": "0.0.0.0/0",
                "destination_prefix_list_id": "",
                "egress_only_gateway_id": "",
                "gateway_id": "nat-06fbc53eb726308ac",
                "instance_id": "",
                "ipv6_cidr_block": "",
                "local_gateway_id": "",
                "nat_gateway_id": "",
                "network_interface_id": "",
                "transit_gateway_id": "",
                "vpc_endpoint_id": "",
                "vpc_peering_connection_id": ""
              }
            ],
            "tags": {
              "Name": "wgpark-natrt-pric"
            },
            "tags_all": {
              "Name": "wgpark-natrt-pric"
            },
            "timeouts": null,
            "vpc_id": "vpc-07a197baa19b5e735"
          },
          "sensitive_attributes": [],
          "private": "eyJlMmJmYjczMC1lY2FhLTExZTYtOGY4OC0zNDM2M2JjN2M0YzAiOnsiY3JlYXRlIjoxMjAwMDAwMDAwMDAsImRlbGV0ZSI6MzAwMDAwMDAwMDAwLCJ1cGRhdGUiOjEyMDAwMDAwMDAwMH19",
          "dependencies": [
            "aws_nat_gateway.wgpark_ngw_pric",
            "aws_vpc.wgpark_vpc"
          ]
        }
      ]
    },
    {
      "mode": "managed",
      "type": "aws_route_table",
      "name": "wgpark_pubrt",
      "provider": "provider[\"registry.terraform.io/hashicorp/aws\"]",
      "instances": [
        {
          "schema_version": 0,
          "attributes": {
            "arn": "arn:aws:ec2:ap-northeast-2:701558900840:route-table/rtb-0b8920147052baf7f",
            "id": "rtb-0b8920147052baf7f",
            "owner_id": "701558900840",
            "propagating_vgws": [],
            "route": [
              {
                "carrier_gateway_id": "",
                "cidr_block": "0.0.0.0/0",
                "destination_prefix_list_id": "",
                "egress_only_gateway_id": "",
                "gateway_id": "igw-0231792b89bf0199a",
                "instance_id": "",
                "ipv6_cidr_block": "",
                "local_gateway_id": "",
                "nat_gateway_id": "",
                "network_interface_id": "",
                "transit_gateway_id": "",
                "vpc_endpoint_id": "",
                "vpc_peering_connection_id": ""
              }
            ],
            "tags": {
              "Name": "wgpark-pubrt"
            },
            "tags_all": {
              "Name": "wgpark-pubrt"
            },
            "timeouts": null,
            "vpc_id": "vpc-07a197baa19b5e735"
          },
          "sensitive_attributes": [],
          "private": "eyJlMmJmYjczMC1lY2FhLTExZTYtOGY4OC0zNDM2M2JjN2M0YzAiOnsiY3JlYXRlIjoxMjAwMDAwMDAwMDAsImRlbGV0ZSI6MzAwMDAwMDAwMDAwLCJ1cGRhdGUiOjEyMDAwMDAwMDAwMH19",
          "dependencies": [
            "aws_internet_gateway.wgpark_ig",
            "aws_vpc.wgpark_vpc"
          ]
        }
      ]
    },
    {
      "mode": "managed",
      "type": "aws_route_table_association",
      "name": "wgpark_pria_ass",
      "provider": "provider[\"registry.terraform.io/hashicorp/aws\"]",
      "instances": [
        {
          "schema_version": 0,
          "attributes": {
            "gateway_id": "",
            "id": "rtbassoc-098678ba77df71f74",
            "route_table_id": "rtb-09b2c40840403da54",
            "subnet_id": "subnet-0d8d628099e665c53"
          },
          "sensitive_attributes": [],
          "private": "bnVsbA==",
          "dependencies": [
            "aws_eip.wgpark_eip_pria",
            "aws_nat_gateway.wgpark_ngw_pria",
            "aws_route_table.wgpark_natrt_pria",
            "aws_subnet.wgpark_pria",
            "aws_subnet.wgpark_puba",
            "aws_vpc.wgpark_vpc"
          ]
        }
      ]
    },
    {
      "mode": "managed",
      "type": "aws_route_table_association",
      "name": "wgpark_pric_ass",
      "provider": "provider[\"registry.terraform.io/hashicorp/aws\"]",
      "instances": [
        {
          "schema_version": 0,
          "attributes": {
            "gateway_id": "",
            "id": "rtbassoc-0db29806abbd681e4",
            "route_table_id": "rtb-0b45389ea74272458",
            "subnet_id": "subnet-05a79514a954cb01d"
          },
          "sensitive_attributes": [],
          "private": "bnVsbA==",
          "dependencies": [
            "aws_nat_gateway.wgpark_ngw_pric",
            "aws_route_table.wgpark_natrt_pric",
            "aws_subnet.wgpark_pric",
            "aws_subnet.wgpark_pubc",
            "aws_vpc.wgpark_vpc",
            "aws_eip.wgpark_eip_pric"
          ]
        }
      ]
    },
    {
      "mode": "managed",
      "type": "aws_route_table_association",
      "name": "wgpark_puba_ass",
      "provider": "provider[\"registry.terraform.io/hashicorp/aws\"]",
      "instances": [
        {
          "schema_version": 0,
          "attributes": {
            "gateway_id": "",
            "id": "rtbassoc-04241fc1f3e0c6dfe",
            "route_table_id": "rtb-0b8920147052baf7f",
            "subnet_id": "subnet-0855b23239920e35d"
          },
          "sensitive_attributes": [],
          "private": "bnVsbA==",
          "dependencies": [
            "aws_internet_gateway.wgpark_ig",
            "aws_route_table.wgpark_pubrt",
            "aws_subnet.wgpark_puba",
            "aws_vpc.wgpark_vpc"
          ]
        }
      ]
    },
    {
      "mode": "managed",
      "type": "aws_route_table_association",
      "name": "wgpark_pubc_ass",
      "provider": "provider[\"registry.terraform.io/hashicorp/aws\"]",
      "instances": [
        {
          "schema_version": 0,
          "attributes": {
            "gateway_id": "",
            "id": "rtbassoc-00b0f3b92e687377b",
            "route_table_id": "rtb-0b8920147052baf7f",
            "subnet_id": "subnet-0dedb1bd90dfdc7f4"
          },
          "sensitive_attributes": [],
          "private": "bnVsbA==",
          "dependencies": [
            "aws_route_table.wgpark_pubrt",
            "aws_subnet.wgpark_pubc",
            "aws_vpc.wgpark_vpc",
            "aws_internet_gateway.wgpark_ig"
          ]
        }
      ]
    },
    {
      "mode": "managed",
      "type": "aws_security_group",
      "name": "wgpark_allow_http",
      "provider": "provider[\"registry.terraform.io/hashicorp/aws\"]",
      "instances": [
        {
          "schema_version": 1,
          "attributes": {
            "arn": "arn:aws:ec2:ap-northeast-2:701558900840:security-group/sg-01c111b5344ca97d6",
            "description": "Allow Http inbound traffic",
            "egress": [],
            "id": "sg-01c111b5344ca97d6",
            "ingress": [
              {
                "cidr_blocks": [
                  "192.168.0.0/16"
                ],
                "description": "Http from VPC",
                "from_port": 80,
                "ipv6_cidr_blocks": [
                  "::/0"
                ],
                "prefix_list_ids": [],
                "protocol": "tcp",
                "security_groups": [],
                "self": false,
                "to_port": 80
              },
              {
                "cidr_blocks": [
                  "192.168.0.0/16"
                ],
                "description": "SSH from VPC",
                "from_port": 22,
                "ipv6_cidr_blocks": [
                  "::/0"
                ],
                "prefix_list_ids": [],
                "protocol": "tcp",
                "security_groups": [],
                "self": false,
                "to_port": 22
              }
            ],
            "name": "allow_httpssh",
            "name_prefix": "",
            "owner_id": "701558900840",
            "revoke_rules_on_delete": false,
            "tags": {
              "Name": "wgpark-allow-httpssh"
            },
            "tags_all": {
              "Name": "wgpark-allow-httpssh"
            },
            "timeouts": null,
            "vpc_id": "vpc-07a197baa19b5e735"
          },
          "sensitive_attributes": [],
          "private": "eyJlMmJmYjczMC1lY2FhLTExZTYtOGY4OC0zNDM2M2JjN2M0YzAiOnsiY3JlYXRlIjo2MDAwMDAwMDAwMDAsImRlbGV0ZSI6OTAwMDAwMDAwMDAwfSwic2NoZW1hX3ZlcnNpb24iOiIxIn0=",
          "dependencies": [
            "aws_vpc.wgpark_vpc"
          ]
        }
      ]
    },
    {
      "mode": "managed",
      "type": "aws_subnet",
      "name": "wgpark_pria",
      "provider": "provider[\"registry.terraform.io/hashicorp/aws\"]",
      "instances": [
        {
          "schema_version": 1,
          "attributes": {
            "arn": "arn:aws:ec2:ap-northeast-2:701558900840:subnet/subnet-0d8d628099e665c53",
            "assign_ipv6_address_on_creation": false,
            "availability_zone": "ap-northeast-2a",
            "availability_zone_id": "apne2-az1",
            "cidr_block": "192.168.2.0/24",
            "customer_owned_ipv4_pool": "",
            "id": "subnet-0d8d628099e665c53",
            "ipv6_cidr_block": "",
            "ipv6_cidr_block_association_id": "",
            "map_customer_owned_ip_on_launch": false,
            "map_public_ip_on_launch": false,
            "outpost_arn": "",
            "owner_id": "701558900840",
            "tags": {
              "Name": "pri-a"
            },
            "tags_all": {
              "Name": "pri-a"
            },
            "timeouts": null,
            "vpc_id": "vpc-07a197baa19b5e735"
          },
          "sensitive_attributes": [],
          "private": "eyJlMmJmYjczMC1lY2FhLTExZTYtOGY4OC0zNDM2M2JjN2M0YzAiOnsiY3JlYXRlIjo2MDAwMDAwMDAwMDAsImRlbGV0ZSI6MTIwMDAwMDAwMDAwMH0sInNjaGVtYV92ZXJzaW9uIjoiMSJ9",
          "dependencies": [
            "aws_vpc.wgpark_vpc"
          ]
        }
      ]
    },
    {
      "mode": "managed",
      "type": "aws_subnet",
      "name": "wgpark_pric",
      "provider": "provider[\"registry.terraform.io/hashicorp/aws\"]",
      "instances": [
        {
          "schema_version": 1,
          "attributes": {
            "arn": "arn:aws:ec2:ap-northeast-2:701558900840:subnet/subnet-05a79514a954cb01d",
            "assign_ipv6_address_on_creation": false,
            "availability_zone": "ap-northeast-2c",
            "availability_zone_id": "apne2-az3",
            "cidr_block": "192.168.3.0/24",
            "customer_owned_ipv4_pool": "",
            "id": "subnet-05a79514a954cb01d",
            "ipv6_cidr_block": "",
            "ipv6_cidr_block_association_id": "",
            "map_customer_owned_ip_on_launch": false,
            "map_public_ip_on_launch": false,
            "outpost_arn": "",
            "owner_id": "701558900840",
            "tags": {
              "Name": "pri-c"
            },
            "tags_all": {
              "Name": "pri-c"
            },
            "timeouts": null,
            "vpc_id": "vpc-07a197baa19b5e735"
          },
          "sensitive_attributes": [],
          "private": "eyJlMmJmYjczMC1lY2FhLTExZTYtOGY4OC0zNDM2M2JjN2M0YzAiOnsiY3JlYXRlIjo2MDAwMDAwMDAwMDAsImRlbGV0ZSI6MTIwMDAwMDAwMDAwMH0sInNjaGVtYV92ZXJzaW9uIjoiMSJ9",
          "dependencies": [
            "aws_vpc.wgpark_vpc"
          ]
        }
      ]
    },
    {
      "mode": "managed",
      "type": "aws_subnet",
      "name": "wgpark_puba",
      "provider": "provider[\"registry.terraform.io/hashicorp/aws\"]",
      "instances": [
        {
          "schema_version": 1,
          "attributes": {
            "arn": "arn:aws:ec2:ap-northeast-2:701558900840:subnet/subnet-0855b23239920e35d",
            "assign_ipv6_address_on_creation": false,
            "availability_zone": "ap-northeast-2a",
            "availability_zone_id": "apne2-az1",
            "cidr_block": "192.168.0.0/24",
            "customer_owned_ipv4_pool": "",
            "id": "subnet-0855b23239920e35d",
            "ipv6_cidr_block": "",
            "ipv6_cidr_block_association_id": "",
            "map_customer_owned_ip_on_launch": false,
            "map_public_ip_on_launch": false,
            "outpost_arn": "",
            "owner_id": "701558900840",
            "tags": {
              "Name": "pub-a"
            },
            "tags_all": {
              "Name": "pub-a"
            },
            "timeouts": null,
            "vpc_id": "vpc-07a197baa19b5e735"
          },
          "sensitive_attributes": [],
          "private": "eyJlMmJmYjczMC1lY2FhLTExZTYtOGY4OC0zNDM2M2JjN2M0YzAiOnsiY3JlYXRlIjo2MDAwMDAwMDAwMDAsImRlbGV0ZSI6MTIwMDAwMDAwMDAwMH0sInNjaGVtYV92ZXJzaW9uIjoiMSJ9",
          "dependencies": [
            "aws_vpc.wgpark_vpc"
          ]
        }
      ]
    },
    {
      "mode": "managed",
      "type": "aws_subnet",
      "name": "wgpark_pubc",
      "provider": "provider[\"registry.terraform.io/hashicorp/aws\"]",
      "instances": [
        {
          "schema_version": 1,
          "attributes": {
            "arn": "arn:aws:ec2:ap-northeast-2:701558900840:subnet/subnet-0dedb1bd90dfdc7f4",
            "assign_ipv6_address_on_creation": false,
            "availability_zone": "ap-northeast-2c",
            "availability_zone_id": "apne2-az3",
            "cidr_block": "192.168.1.0/24",
            "customer_owned_ipv4_pool": "",
            "id": "subnet-0dedb1bd90dfdc7f4",
            "ipv6_cidr_block": "",
            "ipv6_cidr_block_association_id": "",
            "map_customer_owned_ip_on_launch": false,
            "map_public_ip_on_launch": false,
            "outpost_arn": "",
            "owner_id": "701558900840",
            "tags": {
              "Name": "pub-c"
            },
            "tags_all": {
              "Name": "pub-c"
            },
            "timeouts": null,
            "vpc_id": "vpc-07a197baa19b5e735"
          },
          "sensitive_attributes": [],
          "private": "eyJlMmJmYjczMC1lY2FhLTExZTYtOGY4OC0zNDM2M2JjN2M0YzAiOnsiY3JlYXRlIjo2MDAwMDAwMDAwMDAsImRlbGV0ZSI6MTIwMDAwMDAwMDAwMH0sInNjaGVtYV92ZXJzaW9uIjoiMSJ9",
          "dependencies": [
            "aws_vpc.wgpark_vpc"
          ]
        }
      ]
    },
    {
      "mode": "managed",
      "type": "aws_vpc",
      "name": "wgpark_vpc",
      "provider": "provider[\"registry.terraform.io/hashicorp/aws\"]",
      "instances": [
        {
          "schema_version": 1,
          "attributes": {
            "arn": "arn:aws:ec2:ap-northeast-2:701558900840:vpc/vpc-07a197baa19b5e735",
            "assign_generated_ipv6_cidr_block": false,
            "cidr_block": "192.168.0.0/16",
            "default_network_acl_id": "acl-0813b0e4e28c07a37",
            "default_route_table_id": "rtb-0673a57ce1455b3e0",
            "default_security_group_id": "sg-0e592f28af63c02c7",
            "dhcp_options_id": "dopt-02ff66f0f3f020dff",
            "enable_classiclink": null,
            "enable_classiclink_dns_support": null,
            "enable_dns_hostnames": false,
            "enable_dns_support": true,
            "id": "vpc-07a197baa19b5e735",
            "instance_tenancy": "default",
            "ipv6_association_id": "",
            "ipv6_cidr_block": "",
            "main_route_table_id": "rtb-0673a57ce1455b3e0",
            "owner_id": "701558900840",
            "tags": {
              "Name": "wgpark-vpc"
            },
            "tags_all": {
              "Name": "wgpark-vpc"
            }
          },
          "sensitive_attributes": [],
          "private": "eyJzY2hlbWFfdmVyc2lvbiI6IjEifQ=="
        }
      ]
    }
  ]
}
