{
  "version": 4,
  "terraform_version": "1.0.8",
  "serial": 1,
  "lineage": "0751ed23-5eaa-1ecd-3b90-f45b9e66dc93",
  "outputs": {},
  "resources": [
    {
      "mode": "managed",
      "type": "aws_key_pair",
      "name": "aws_terraform_tf",
      "provider": "provider[\"registry.terraform.io/hashicorp/aws\"]",
      "instances": [
        {
          "schema_version": 1,
          "attributes": {
            "arn": "arn:aws:ec2:ap-northeast-2:701558900840:key-pair/aws_terraform_tf",
            "fingerprint": "74:f0:8f:f9:04:b6:4f:04:f7:9d:78:ce:9e:01:c9:f0",
            "id": "aws_terraform_tf",
            "key_name": "aws_terraform_tf",
            "key_name_prefix": null,
            "key_pair_id": "key-0810fb4de355432d3",
            "public_key": "ssh-rsa AAAAB3NzaC1yc2EAAAADAQABAAABAQC2X5QCBWSmh9oyFo/FHixix20X48BuOmvM458981MVst+ltKAhPrtf14byZ2hKnjPryb6bjuStbklOflr1YxSXiiA2jmZBSgLO1Xo5ejRpdhDxLCUchGniHCnyJevoGyvjUXV4a5cZkvbZBmp9ruz3Fn6aZOtTpghd2zW7I7ZKx/Y/oWGYWjcJL5M7ZNqHVqE6Wr+ZSCkg+fPZumTs+AKYDblBPeiyP/10Rtxw8HD88OGMTAaSF9diCOCoNXDnAIwqyOByR2c5qy3DabLZIAbN3xgFQXeaXWtn8/gI7E/eqg2KJ4PnLwngMESTrMdczLK6P4Ux4BewL2UjwXW6YQH/",
            "tags": null,
            "tags_all": {}
          },
          "sensitive_attributes": [],
          "private": "eyJzY2hlbWFfdmVyc2lvbiI6IjEifQ=="
        }
      ]
    }
  ]
}
